
Microsoft Visual Studio Solution File, Format Version 12.00
Project("{2150E333-8FDC-42A3-9474-1A3956D46DE8}") = "Oven", "Oven", "{706C901D-2482-4D7D-8E2C-6E99ADF93BCC}"
EndProject
Project("{FAE04EC0-301F-11D3-BF4B-00C04F79EFBC}") = "HMISimulator.API.Oven", "src\HMISimulator.API.Oven\HMISimulator.API.Oven.csproj", "{8D54632E-C2CB-4C51-8AC3-7E08947C3B1D}"
EndProject
Project("{FAE04EC0-301F-11D3-BF4B-00C04F79EFBC}") = "HMISimulator.API.Oven.Tests", "tests\HMISimulator.API.Oven.Tests\HMISimulator.API.Oven.Tests.csproj", "{4B41BE67-DA78-482C-9282-F2452EC7618B}"
EndProject
Project("{2150E333-8FDC-42A3-9474-1A3956D46DE8}") = "TestHelper", "TestHelper", "{CD73A0CF-2E2B-4BF5-941C-A1C5C5107BED}"
EndProject
Project("{FAE04EC0-301F-11D3-BF4B-00C04F79EFBC}") = "HMISimulator.API.TestHelper", "tests\HMISimulator.API.TestHelper\HMISimulator.API.TestHelper.csproj", "{2F5E0D60-C39E-4D4F-AE1F-F3563EB65127}"
EndProject
Project("{2150E333-8FDC-42A3-9474-1A3956D46DE8}") = "SharedKernel", "SharedKernel", "{6AB77728-DAF2-4B7F-BB16-D6A97DDB01C7}"
EndProject
Project("{FAE04EC0-301F-11D3-BF4B-00C04F79EFBC}") = "HMISimulator.API.SharedKernel", "src\HMISimulator.API.SharedKernel\HMISimulator.API.SharedKernel.csproj", "{9C03E302-BB88-4C00-91E9-34FB6F9F35FD}"
EndProject
Project("{2150E333-8FDC-42A3-9474-1A3956D46DE8}") = "WebAPI", "WebAPI", "{F1B5DC19-A5E4-451E-8596-E8B9654923A7}"
EndProject
Project("{FAE04EC0-301F-11D3-BF4B-00C04F79EFBC}") = "HMISimulator.API.WebAPI", "src\HMISimulator.API.WebAPI\HMISimulator.API.WebAPI.csproj", "{CF6305C9-7147-4C6B-9D47-9B89272CF6AE}"
EndProject
Project("{2150E333-8FDC-42A3-9474-1A3956D46DE8}") = "SDK", "SDK", "{9927B0F9-69AF-4964-B80D-4AC80220C373}"
EndProject
Project("{FAE04EC0-301F-11D3-BF4B-00C04F79EFBC}") = "HMISimulator.API.SDK", "src\HMISimulator.API.SDK\HMISimulator.API.SDK.csproj", "{78DD6198-07B7-4279-9216-2A317EA6EE64}"
EndProject
Project("{FAE04EC0-301F-11D3-BF4B-00C04F79EFBC}") = "HMISimulator.API.Oven.Tests.Integration", "tests\HMISimulator.API.Oven.Tests.Integration\HMISimulator.API.Oven.Tests.Integration.csproj", "{99A3F564-DE1F-4686-A7F6-D69288E94EA9}"
EndProject
Global
	GlobalSection(SolutionConfigurationPlatforms) = preSolution
		Debug|Any CPU = Debug|Any CPU
		Release|Any CPU = Release|Any CPU
	EndGlobalSection
	GlobalSection(NestedProjects) = preSolution
		{8D54632E-C2CB-4C51-8AC3-7E08947C3B1D} = {706C901D-2482-4D7D-8E2C-6E99ADF93BCC}
		{4B41BE67-DA78-482C-9282-F2452EC7618B} = {706C901D-2482-4D7D-8E2C-6E99ADF93BCC}
		{2F5E0D60-C39E-4D4F-AE1F-F3563EB65127} = {CD73A0CF-2E2B-4BF5-941C-A1C5C5107BED}
		{9C03E302-BB88-4C00-91E9-34FB6F9F35FD} = {6AB77728-DAF2-4B7F-BB16-D6A97DDB01C7}
		{CF6305C9-7147-4C6B-9D47-9B89272CF6AE} = {F1B5DC19-A5E4-451E-8596-E8B9654923A7}
		{78DD6198-07B7-4279-9216-2A317EA6EE64} = {9927B0F9-69AF-4964-B80D-4AC80220C373}
		{99A3F564-DE1F-4686-A7F6-D69288E94EA9} = {706C901D-2482-4D7D-8E2C-6E99ADF93BCC}
	EndGlobalSection
	GlobalSection(ProjectConfigurationPlatforms) = postSolution
		{8D54632E-C2CB-4C51-8AC3-7E08947C3B1D}.Debug|Any CPU.ActiveCfg = Debug|Any CPU
		{8D54632E-C2CB-4C51-8AC3-7E08947C3B1D}.Debug|Any CPU.Build.0 = Debug|Any CPU
		{8D54632E-C2CB-4C51-8AC3-7E08947C3B1D}.Release|Any CPU.ActiveCfg = Release|Any CPU
		{8D54632E-C2CB-4C51-8AC3-7E08947C3B1D}.Release|Any CPU.Build.0 = Release|Any CPU
		{4B41BE67-DA78-482C-9282-F2452EC7618B}.Debug|Any CPU.ActiveCfg = Debug|Any CPU
		{4B41BE67-DA78-482C-9282-F2452EC7618B}.Debug|Any CPU.Build.0 = Debug|Any CPU
		{4B41BE67-DA78-482C-9282-F2452EC7618B}.Release|Any CPU.ActiveCfg = Release|Any CPU
		{4B41BE67-DA78-482C-9282-F2452EC7618B}.Release|Any CPU.Build.0 = Release|Any CPU
		{2F5E0D60-C39E-4D4F-AE1F-F3563EB65127}.Debug|Any CPU.ActiveCfg = Debug|Any CPU
		{2F5E0D60-C39E-4D4F-AE1F-F3563EB65127}.Debug|Any CPU.Build.0 = Debug|Any CPU
		{2F5E0D60-C39E-4D4F-AE1F-F3563EB65127}.Release|Any CPU.ActiveCfg = Release|Any CPU
		{2F5E0D60-C39E-4D4F-AE1F-F3563EB65127}.Release|Any CPU.Build.0 = Release|Any CPU
		{9C03E302-BB88-4C00-91E9-34FB6F9F35FD}.Debug|Any CPU.ActiveCfg = Debug|Any CPU
		{9C03E302-BB88-4C00-91E9-34FB6F9F35FD}.Debug|Any CPU.Build.0 = Debug|Any CPU
		{9C03E302-BB88-4C00-91E9-34FB6F9F35FD}.Release|Any CPU.ActiveCfg = Release|Any CPU
		{9C03E302-BB88-4C00-91E9-34FB6F9F35FD}.Release|Any CPU.Build.0 = Release|Any CPU
		{CF6305C9-7147-4C6B-9D47-9B89272CF6AE}.Debug|Any CPU.ActiveCfg = Debug|Any CPU
		{CF6305C9-7147-4C6B-9D47-9B89272CF6AE}.Debug|Any CPU.Build.0 = Debug|Any CPU
		{CF6305C9-7147-4C6B-9D47-9B89272CF6AE}.Release|Any CPU.ActiveCfg = Release|Any CPU
		{CF6305C9-7147-4C6B-9D47-9B89272CF6AE}.Release|Any CPU.Build.0 = Release|Any CPU
		{78DD6198-07B7-4279-9216-2A317EA6EE64}.Debug|Any CPU.ActiveCfg = Debug|Any CPU
		{78DD6198-07B7-4279-9216-2A317EA6EE64}.Debug|Any CPU.Build.0 = Debug|Any CPU
		{78DD6198-07B7-4279-9216-2A317EA6EE64}.Release|Any CPU.ActiveCfg = Release|Any CPU
		{78DD6198-07B7-4279-9216-2A317EA6EE64}.Release|Any CPU.Build.0 = Release|Any CPU
		{99A3F564-DE1F-4686-A7F6-D69288E94EA9}.Debug|Any CPU.ActiveCfg = Debug|Any CPU
		{99A3F564-DE1F-4686-A7F6-D69288E94EA9}.Debug|Any CPU.Build.0 = Debug|Any CPU
		{99A3F564-DE1F-4686-A7F6-D69288E94EA9}.Release|Any CPU.ActiveCfg = Release|Any CPU
		{99A3F564-DE1F-4686-A7F6-D69288E94EA9}.Release|Any CPU.Build.0 = Release|Any CPU
	EndGlobalSection
EndGlobal
